
Microsoft Visual Studio Solution File, Format Version 12.00
# Visual Studio 2015
Project("{FAE04EC0-301F-11D3-BF4B-00C04F79EFBC}") = "SerKnight.CSharp", "SerKnight.CSharp.csproj", "{40575D97-9682-DAFF-DBDC-CB1D1E58A695}"
EndProject
Project("{FAE04EC0-301F-11D3-BF4B-00C04F79EFBC}") = "SerKnight.CSharp.Editor", "SerKnight.CSharp.Editor.csproj", "{8584AF6F-26D7-C305-5A04-153750A04963}"
EndProject
Global
	GlobalSection(SolutionConfigurationPlatforms) = preSolution
		Debug|Any CPU = Debug|Any CPU
		Release|Any CPU = Release|Any CPU
	EndGlobalSection
	GlobalSection(ProjectConfigurationPlatforms) = postSolution
		{40575D97-9682-DAFF-DBDC-CB1D1E58A695}.Debug|Any CPU.ActiveCfg = Debug|Any CPU
		{40575D97-9682-DAFF-DBDC-CB1D1E58A695}.Debug|Any CPU.Build.0 = Debug|Any CPU
		{40575D97-9682-DAFF-DBDC-CB1D1E58A695}.Release|Any CPU.ActiveCfg = Release|Any CPU
		{40575D97-9682-DAFF-DBDC-CB1D1E58A695}.Release|Any CPU.Build.0 = Release|Any CPU
		{8584AF6F-26D7-C305-5A04-153750A04963}.Debug|Any CPU.ActiveCfg = Debug|Any CPU
		{8584AF6F-26D7-C305-5A04-153750A04963}.Debug|Any CPU.Build.0 = Debug|Any CPU
		{8584AF6F-26D7-C305-5A04-153750A04963}.Release|Any CPU.ActiveCfg = Release|Any CPU
		{8584AF6F-26D7-C305-5A04-153750A04963}.Release|Any CPU.Build.0 = Release|Any CPU
	EndGlobalSection
	GlobalSection(SolutionProperties) = preSolution
		HideSolutionNode = FALSE
	EndGlobalSection
EndGlobal
